
Microsoft Visual Studio Solution File, Format Version 12.00
# Visual Studio Version 17
VisualStudioVersion = 17.7.34031.279
MinimumVisualStudioVersion = 10.0.40219.1
Project("{888888A0-9F3D-457C-B088-3A5042F75D52}") = "GPT plugin", "GPT plugin.pyproj", "{97F2A001-84BE-4670-A918-B0E392BEA667}"
EndProject
Global
	GlobalSection(SolutionConfigurationPlatforms) = preSolution
		Debug|Any CPU = Debug|Any CPU
		Release|Any CPU = Release|Any CPU
	EndGlobalSection
	GlobalSection(ProjectConfigurationPlatforms) = postSolution
		{97F2A001-84BE-4670-A918-B0E392BEA667}.Debug|Any CPU.ActiveCfg = Debug|Any CPU
		{97F2A001-84BE-4670-A918-B0E392BEA667}.Release|Any CPU.ActiveCfg = Release|Any CPU
	EndGlobalSection
	GlobalSection(SolutionProperties) = preSolution
		HideSolutionNode = FALSE
	EndGlobalSection
	GlobalSection(ExtensibilityGlobals) = postSolution
		SolutionGuid = {E7CFCA2F-FF96-41EE-9D82-CBCAA90C2A0E}
	EndGlobalSection
EndGlobal
